// !$*UTF8*$!
{
	archiveVersion = 1;
	classes = {
	};
	objectVersion = 56;
	objects = {

/* Begin PBXBuildFile section */
		B3E08B042A9A4BCE005B144D /* GridGalleryApp.swift in Sources */ = {isa = PBXBuildFile; fileRef = B3E08B032A9A4BCE005B144D /* GridGalleryApp.swift */; };
		B3E08B062A9A4BCE005B144D /* ContentView.swift in Sources */ = {isa = PBXBuildFile; fileRef = B3E08B052A9A4BCE005B144D /* ContentView.swift */; };
		B3E08B082A9A4BD0005B144D /* Assets.xcassets in Resources */ = {isa = PBXBuildFile; fileRef = B3E08B072A9A4BD0005B144D /* Assets.xcassets */; };
		B3E08B0B2A9A4BD0005B144D /* Preview Assets.xcassets in Resources */ = {isa = PBXBuildFile; fileRef = B3E08B0A2A9A4BD0005B144D /* Preview Assets.xcassets */; };
		B3E08B142A9A4E09005B144D /* GridTypePicker.swift in Sources */ = {isa = PBXBuildFile; fileRef = B3E08B132A9A4E09005B144D /* GridTypePicker.swift */; };
		B3E08B162A9A4E32005B144D /* Item.swift in Sources */ = {isa = PBXBuildFile; fileRef = B3E08B152A9A4E32005B144D /* Item.swift */; };
		B3E08B182A9A554B005B144D /* SingleRowLayout.swift in Sources */ = {isa = PBXBuildFile; fileRef = B3E08B172A9A554B005B144D /* SingleRowLayout.swift */; };
		B3E08B1A2A9A58F2005B144D /* GridType.swift in Sources */ = {isa = PBXBuildFile; fileRef = B3E08B192A9A58F2005B144D /* GridType.swift */; };
/* End PBXBuildFile section */

/* Begin PBXFileReference section */
		B3E08B002A9A4BCE005B144D /* GridGallery.app */ = {isa = PBXFileReference; explicitFileType = wrapper.application; includeInIndex = 0; path = GridGallery.app; sourceTree = BUILT_PRODUCTS_DIR; };
		B3E08B032A9A4BCE005B144D /* GridGalleryApp.swift */ = {isa = PBXFileReference; lastKnownFileType = sourcecode.swift; path = GridGalleryApp.swift; sourceTree = "<group>"; };
		B3E08B052A9A4BCE005B144D /* ContentView.swift */ = {isa = PBXFileReference; lastKnownFileType = sourcecode.swift; path = ContentView.swift; sourceTree = "<group>"; };
		B3E08B072A9A4BD0005B144D /* Assets.xcassets */ = {isa = PBXFileReference; lastKnownFileType = folder.assetcatalog; path = Assets.xcassets; sourceTree = "<group>"; };
		B3E08B0A2A9A4BD0005B144D /* Preview Assets.xcassets */ = {isa = PBXFileReference; lastKnownFileType = folder.assetcatalog; path = "Preview Assets.xcassets"; sourceTree = "<group>"; };
		B3E08B132A9A4E09005B144D /* GridTypePicker.swift */ = {isa = PBXFileReference; lastKnownFileType = sourcecode.swift; path = GridTypePicker.swift; sourceTree = "<group>"; };
		B3E08B152A9A4E32005B144D /* Item.swift */ = {isa = PBXFileReference; lastKnownFileType = sourcecode.swift; path = Item.swift; sourceTree = "<group>"; };
		B3E08B172A9A554B005B144D /* SingleRowLayout.swift */ = {isa = PBXFileReference; lastKnownFileType = sourcecode.swift; path = SingleRowLayout.swift; sourceTree = "<group>"; };
		B3E08B192A9A58F2005B144D /* GridType.swift */ = {isa = PBXFileReference; lastKnownFileType = sourcecode.swift; path = GridType.swift; sourceTree = "<group>"; };
/* End PBXFileReference section */

/* Begin PBXFrameworksBuildPhase section */
		B3E08AFD2A9A4BCE005B144D /* Frameworks */ = {
			isa = PBXFrameworksBuildPhase;
			buildActionMask = 2147483647;
			files = (
			);
			runOnlyForDeploymentPostprocessing = 0;
		};
/* End PBXFrameworksBuildPhase section */

/* Begin PBXGroup section */
		B3E08AF72A9A4BCE005B144D = {
			isa = PBXGroup;
			children = (
				B3E08B022A9A4BCE005B144D /* GridGallery */,
				B3E08B012A9A4BCE005B144D /* Products */,
			);
			sourceTree = "<group>";
		};
		B3E08B012A9A4BCE005B144D /* Products */ = {
			isa = PBXGroup;
			children = (
				B3E08B002A9A4BCE005B144D /* GridGallery.app */,
			);
			name = Products;
			sourceTree = "<group>";
		};
		B3E08B022A9A4BCE005B144D /* GridGallery */ = {
			isa = PBXGroup;
			children = (
				B3E08B032A9A4BCE005B144D /* GridGalleryApp.swift */,
				B3E08B132A9A4E09005B144D /* GridTypePicker.swift */,
				B3E08B172A9A554B005B144D /* SingleRowLayout.swift */,
				B3E08B152A9A4E32005B144D /* Item.swift */,
				B3E08B052A9A4BCE005B144D /* ContentView.swift */,
				B3E08B072A9A4BD0005B144D /* Assets.xcassets */,
				B3E08B092A9A4BD0005B144D /* Preview Content */,
				B3E08B192A9A58F2005B144D /* GridType.swift */,
			);
			path = GridGallery;
			sourceTree = "<group>";
		};
		B3E08B092A9A4BD0005B144D /* Preview Content */ = {
			isa = PBXGroup;
			children = (
				B3E08B0A2A9A4BD0005B144D /* Preview Assets.xcassets */,
			);
			path = "Preview Content";
			sourceTree = "<group>";
		};
/* End PBXGroup section */

/* Begin PBXNativeTarget section */
		B3E08AFF2A9A4BCE005B144D /* GridGallery */ = {
			isa = PBXNativeTarget;
			buildConfigurationList = B3E08B0E2A9A4BD0005B144D /* Build configuration list for PBXNativeTarget "GridGallery" */;
			buildPhases = (
				B3E08AFC2A9A4BCE005B144D /* Sources */,
				B3E08AFD2A9A4BCE005B144D /* Frameworks */,
				B3E08AFE2A9A4BCE005B144D /* Resources */,
			);
			buildRules = (
			);
			dependencies = (
			);
			name = GridGallery;
			productName = GridGallery;
			productReference = B3E08B002A9A4BCE005B144D /* GridGallery.app */;
			productType = "com.apple.product-type.application";
		};
/* End PBXNativeTarget section */

/* Begin PBXProject section */
		B3E08AF82A9A4BCE005B144D /* Project object */ = {
			isa = PBXProject;
			attributes = {
				BuildIndependentTargetsInParallel = 1;
				LastSwiftUpdateCheck = 1430;
				LastUpgradeCheck = 1430;
				TargetAttributes = {
					B3E08AFF2A9A4BCE005B144D = {
						CreatedOnToolsVersion = 14.3.1;
					};
				};
			};
			buildConfigurationList = B3E08AFB2A9A4BCE005B144D /* Build configuration list for PBXProject "GridGallery" */;
			compatibilityVersion = "Xcode 14.0";
			developmentRegion = en;
			hasScannedForEncodings = 0;
			knownRegions = (
				en,
				Base,
			);
			mainGroup = B3E08AF72A9A4BCE005B144D;
			productRefGroup = B3E08B012A9A4BCE005B144D /* Products */;
			projectDirPath = "";
			projectRoot = "";
			targets = (
				B3E08AFF2A9A4BCE005B144D /* GridGallery */,
			);
		};
/* End PBXProject section */

/* Begin PBXResourcesBuildPhase section */
		B3E08AFE2A9A4BCE005B144D /* Resources */ = {
			isa = PBXResourcesBuildPhase;
			buildActionMask = 2147483647;
			files = (
				B3E08B0B2A9A4BD0005B144D /* Preview Assets.xcassets in Resources */,
				B3E08B082A9A4BD0005B144D /* Assets.xcassets in Resources */,
			);
			runOnlyForDeploymentPostprocessing = 0;
		};
/* End PBXResourcesBuildPhase section */

/* Begin PBXSourcesBuildPhase section */
		B3E08AFC2A9A4BCE005B144D /* Sources */ = {
			isa = PBXSourcesBuildPhase;
			buildActionMask = 2147483647;
			files = (
				B3E08B182A9A554B005B144D /* SingleRowLayout.swift in Sources */,
				B3E08B162A9A4E32005B144D /* Item.swift in Sources */,
				B3E08B142A9A4E09005B144D /* GridTypePicker.swift in Sources */,
				B3E08B1A2A9A58F2005B144D /* GridType.swift in Sources */,
				B3E08B062A9A4BCE005B144D /* ContentView.swift in Sources */,
				B3E08B042A9A4BCE005B144D /* GridGalleryApp.swift in Sources */,
			);
			runOnlyForDeploymentPostprocessing = 0;
		};
/* End PBXSourcesBuildPhase section */

/* Begin XCBuildConfiguration section */
		B3E08B0C2A9A4BD0005B144D /* Debug */ = {
			isa = XCBuildConfiguration;
			buildSettings = {
				ALWAYS_SEARCH_USER_PATHS = NO;
				CLANG_ANALYZER_NONNULL = YES;
				CLANG_ANALYZER_NUMBER_OBJECT_CONVERSION = YES_AGGRESSIVE;
				CLANG_CXX_LANGUAGE_STANDARD = "gnu++20";
				CLANG_ENABLE_MODULES = YES;
				CLANG_ENABLE_OBJC_ARC = YES;
				CLANG_ENABLE_OBJC_WEAK = YES;
				CLANG_WARN_BLOCK_CAPTURE_AUTORELEASING = YES;
				CLANG_WARN_BOOL_CONVERSION = YES;
				CLANG_WARN_COMMA = YES;
				CLANG_WARN_CONSTANT_CONVERSION = YES;
				CLANG_WARN_DEPRECATED_OBJC_IMPLEMENTATIONS = YES;
				CLANG_WARN_DIRECT_OBJC_ISA_USAGE = YES_ERROR;
				CLANG_WARN_DOCUMENTATION_COMMENTS = YES;
				CLANG_WARN_EMPTY_BODY = YES;
				CLANG_WARN_ENUM_CONVERSION = YES;
				CLANG_WARN_INFINITE_RECURSION = YES;
				CLANG_WARN_INT_CONVERSION = YES;
				CLANG_WARN_NON_LITERAL_NULL_CONVERSION = YES;
				CLANG_WARN_OBJC_IMPLICIT_RETAIN_SELF = YES;
				CLANG_WARN_OBJC_LITERAL_CONVERSION = YES;
				CLANG_WARN_OBJC_ROOT_CLASS = YES_ERROR;
				CLANG_WARN_QUOTED_INCLUDE_IN_FRAMEWORK_HEADER = YES;
				CLANG_WARN_RANGE_LOOP_ANALYSIS = YES;
				CLANG_WARN_STRICT_PROTOTYPES = YES;
				CLANG_WARN_SUSPICIOUS_MOVE = YES;
				CLANG_WARN_UNGUARDED_AVAILABILITY = YES_AGGRESSIVE;
				CLANG_WARN_UNREACHABLE_CODE = YES;
				CLANG_WARN__DUPLICATE_METHOD_MATCH = YES;
				COPY_PHASE_STRIP = NO;
				DEBUG_INFORMATION_FORMAT = dwarf;
				ENABLE_STRICT_OBJC_MSGSEND = YES;
				ENABLE_TESTABILITY = YES;
				GCC_C_LANGUAGE_STANDARD = gnu11;
				GCC_DYNAMIC_NO_PIC = NO;
				GCC_NO_COMMON_BLOCKS = YES;
				GCC_OPTIMIZATION_LEVEL = 0;
				GCC_PREPROCESSOR_DEFINITIONS = (
					"DEBUG=1",
					"$(inherited)",
				);
				GCC_WARN_64_TO_32_BIT_CONVERSION = YES;
				GCC_WARN_ABOUT_RETURN_TYPE = YES_ERROR;
				GCC_WARN_UNDECLARED_SELECTOR = YES;
				GCC_WARN_UNINITIALIZED_AUTOS = YES_AGGRESSIVE;
				GCC_WARN_UNUSED_FUNCTION = YES;
				GCC_WARN_UNUSED_VARIABLE = YES;
				IPHONEOS_DEPLOYMENT_TARGET = 16.4;
				MTL_ENABLE_DEBUG_INFO = INCLUDE_SOURCE;
				MTL_FAST_MATH = YES;
				ONLY_ACTIVE_ARCH = YES;
				SDKROOT = iphoneos;
				SWIFT_ACTIVE_COMPILATION_CONDITIONS = DEBUG;
				SWIFT_OPTIMIZATION_LEVEL = "-Onone";
			};
			name = Debug;
		};
		B3E08B0D2A9A4BD0005B144D /* Release */ = {
			isa = XCBuildConfiguration;
			buildSettings = {
				ALWAYS_SEARCH_USER_PATHS = NO;
				CLANG_ANALYZER_NONNULL = YES;
				CLANG_ANALYZER_NUMBER_OBJECT_CONVERSION = YES_AGGRESSIVE;
				CLANG_CXX_LANGUAGE_STANDARD = "gnu++20";
				CLANG_ENABLE_MODULES = YES;
				CLANG_ENABLE_OBJC_ARC = YES;
				CLANG_ENABLE_OBJC_WEAK = YES;
				CLANG_WARN_BLOCK_CAPTURE_AUTORELEASING = YES;
				CLANG_WARN_BOOL_CONVERSION = YES;
				CLANG_WARN_COMMA = YES;
				CLANG_WARN_CONSTANT_CONVERSION = YES;
				CLANG_WARN_DEPRECATED_OBJC_IMPLEMENTATIONS = YES;
				CLANG_WARN_DIRECT_OBJC_ISA_USAGE = YES_ERROR;
				CLANG_WARN_DOCUMENTATION_COMMENTS = YES;
				CLANG_WARN_EMPTY_BODY = YES;
				CLANG_WARN_ENUM_CONVERSION = YES;
				CLANG_WARN_INFINITE_RECURSION = YES;
				CLANG_WARN_INT_CONVERSION = YES;
				CLANG_WARN_NON_LITERAL_NULL_CONVERSION = YES;
				CLANG_WARN_OBJC_IMPLICIT_RETAIN_SELF = YES;
				CLANG_WARN_OBJC_LITERAL_CONVERSION = YES;
				CLANG_WARN_OBJC_ROOT_CLASS = YES_ERROR;
				CLANG_WARN_QUOTED_INCLUDE_IN_FRAMEWORK_HEADER = YES;
				CLANG_WARN_RANGE_LOOP_ANALYSIS = YES;
				CLANG_WARN_STRICT_PROTOTYPES = YES;
				CLANG_WARN_SUSPICIOUS_MOVE = YES;
				CLANG_WARN_UNGUARDED_AVAILABILITY = YES_AGGRESSIVE;
				CLANG_WARN_UNREACHABLE_CODE = YES;
				CLANG_WARN__DUPLICATE_METHOD_MATCH = YES;
				COPY_PHASE_STRIP = NO;
				DEBUG_INFORMATION_FORMAT = "dwarf-with-dsym";
				ENABLE_NS_ASSERTIONS = NO;
				ENABLE_STRICT_OBJC_MSGSEND = YES;
				GCC_C_LANGUAGE_STANDARD = gnu11;
				GCC_NO_COMMON_BLOCKS = YES;
				GCC_WARN_64_TO_32_BIT_CONVERSION = YES;
				GCC_WARN_ABOUT_RETURN_TYPE = YES_ERROR;
				GCC_WARN_UNDECLARED_SELECTOR = YES;
				GCC_WARN_UNINITIALIZED_AUTOS = YES_AGGRESSIVE;
				GCC_WARN_UNUSED_FUNCTION = YES;
				GCC_WARN_UNUSED_VARIABLE = YES;
				IPHONEOS_DEPLOYMENT_TARGET = 16.4;
				MTL_ENABLE_DEBUG_INFO = NO;
				MTL_FAST_MATH = YES;
				SDKROOT = iphoneos;
				SWIFT_COMPILATION_MODE = wholemodule;
				SWIFT_OPTIMIZATION_LEVEL = "-O";
				VALIDATE_PRODUCT = YES;
			};
			name = Release;
		};
		B3E08B0F2A9A4BD0005B144D /* Debug */ = {
			isa = XCBuildConfiguration;
			buildSettings = {
				ASSETCATALOG_COMPILER_APPICON_NAME = AppIcon;
				ASSETCATALOG_COMPILER_GLOBAL_ACCENT_COLOR_NAME = AccentColor;
				CODE_SIGN_STYLE = Automatic;
				CURRENT_PROJECT_VERSION = 1;
				DEVELOPMENT_ASSET_PATHS = "\"GridGallery/Preview Content\"";
				DEVELOPMENT_TEAM = M75V4ZN69S;
				ENABLE_PREVIEWS = YES;
				GENERATE_INFOPLIST_FILE = YES;
				INFOPLIST_KEY_UIApplicationSceneManifest_Generation = YES;
				INFOPLIST_KEY_UIApplicationSupportsIndirectInputEvents = YES;
				INFOPLIST_KEY_UILaunchScreen_Generation = YES;
				INFOPLIST_KEY_UISupportedInterfaceOrientations_iPad = "UIInterfaceOrientationPortrait UIInterfaceOrientationPortraitUpsideDown UIInterfaceOrientationLandscapeLeft UIInterfaceOrientationLandscapeRight";
				INFOPLIST_KEY_UISupportedInterfaceOrientations_iPhone = "UIInterfaceOrientationPortrait UIInterfaceOrientationLandscapeLeft UIInterfaceOrientationLandscapeRight";
				LD_RUNPATH_SEARCH_PATHS = (
					"$(inherited)",
					"@executable_path/Frameworks",
				);
				MARKETING_VERSION = 1.0;
				PRODUCT_BUNDLE_IDENTIFIER = leo.GridGallery;
				PRODUCT_NAME = "$(TARGET_NAME)";
				SWIFT_EMIT_LOC_STRINGS = YES;
				SWIFT_VERSION = 5.0;
				TARGETED_DEVICE_FAMILY = "1,2";
			};
			name = Debug;
		};
		B3E08B102A9A4BD0005B144D /* Release */ = {
			isa = XCBuildConfiguration;
			buildSettings = {
				ASSETCATALOG_COMPILER_APPICON_NAME = AppIcon;
				ASSETCATALOG_COMPILER_GLOBAL_ACCENT_COLOR_NAME = AccentColor;
				CODE_SIGN_STYLE = Automatic;
				CURRENT_PROJECT_VERSION = 1;
				DEVELOPMENT_ASSET_PATHS = "\"GridGallery/Preview Content\"";
				DEVELOPMENT_TEAM = M75V4ZN69S;
				ENABLE_PREVIEWS = YES;
				GENERATE_INFOPLIST_FILE = YES;
				INFOPLIST_KEY_UIApplicationSceneManifest_Generation = YES;
				INFOPLIST_KEY_UIApplicationSupportsIndirectInputEvents = YES;
				INFOPLIST_KEY_UILaunchScreen_Generation = YES;
				INFOPLIST_KEY_UISupportedInterfaceOrientations_iPad = "UIInterfaceOrientationPortrait UIInterfaceOrientationPortraitUpsideDown UIInterfaceOrientationLandscapeLeft UIInterfaceOrientationLandscapeRight";
				INFOPLIST_KEY_UISupportedInterfaceOrientations_iPhone = "UIInterfaceOrientationPortrait UIInterfaceOrientationLandscapeLeft UIInterfaceOrientationLandscapeRight";
				LD_RUNPATH_SEARCH_PATHS = (
					"$(inherited)",
					"@executable_path/Frameworks",
				);
				MARKETING_VERSION = 1.0;
				PRODUCT_BUNDLE_IDENTIFIER = leo.GridGallery;
				PRODUCT_NAME = "$(TARGET_NAME)";
				SWIFT_EMIT_LOC_STRINGS = YES;
				SWIFT_VERSION = 5.0;
				TARGETED_DEVICE_FAMILY = "1,2";
			};
			name = Release;
		};
/* End XCBuildConfiguration section */

/* Begin XCConfigurationList section */
		B3E08AFB2A9A4BCE005B144D /* Build configuration list for PBXProject "GridGallery" */ = {
			isa = XCConfigurationList;
			buildConfigurations = (
				B3E08B0C2A9A4BD0005B144D /* Debug */,
				B3E08B0D2A9A4BD0005B144D /* Release */,
			);
			defaultConfigurationIsVisible = 0;
			defaultConfigurationName = Release;
		};
		B3E08B0E2A9A4BD0005B144D /* Build configuration list for PBXNativeTarget "GridGallery" */ = {
			isa = XCConfigurationList;
			buildConfigurations = (
				B3E08B0F2A9A4BD0005B144D /* Debug */,
				B3E08B102A9A4BD0005B144D /* Release */,
			);
			defaultConfigurationIsVisible = 0;
			defaultConfigurationName = Release;
		};
/* End XCConfigurationList section */
	};
	rootObject = B3E08AF82A9A4BCE005B144D /* Project object */;
}
